
Microsoft Visual Studio Solution File, Format Version 12.00
# Visual Studio 14
VisualStudioVersion = 14.0.25123.0
MinimumVisualStudioVersion = 10.0.40219.1
Project("{FAE04EC0-301F-11D3-BF4B-00C04F79EFBC}") = "SaveFileViewer", "savefiledecoder\SaveFileViewer.csproj", "{BF16A181-E8F2-4CA0-B7A2-9B479E68DABA}"
EndProject
Global
	GlobalSection(SolutionConfigurationPlatforms) = preSolution
		Debug|Any CPU = Debug|Any CPU
		Release|Any CPU = Release|Any CPU
	EndGlobalSection
	GlobalSection(ProjectConfigurationPlatforms) = postSolution
		{BF16A181-E8F2-4CA0-B7A2-9B479E68DABA}.Debug|Any CPU.ActiveCfg = Debug|Any CPU
		{BF16A181-E8F2-4CA0-B7A2-9B479E68DABA}.Debug|Any CPU.Build.0 = Debug|Any CPU
		{BF16A181-E8F2-4CA0-B7A2-9B479E68DABA}.Release|Any CPU.ActiveCfg = Release|Any CPU
		{BF16A181-E8F2-4CA0-B7A2-9B479E68DABA}.Release|Any CPU.Build.0 = Release|Any CPU
	EndGlobalSection
	GlobalSection(SolutionProperties) = preSolution
		HideSolutionNode = FALSE
	EndGlobalSection
EndGlobal
