Microsoft Visual Studio Solution File, Format Version 12.00
# Visual Studio 14
VisualStudioVersion = 14.0.25420.1
MinimumVisualStudioVersion = 10.0.40219.1
Project("{FAE04EC0-301F-11D3-BF4B-00C04F79EFBC}") = "SaveGameEditor", "SaveGameEditor\SaveGameEditor.csproj", "{BF16A181-E8F2-4CA0-B7A2-9B479E68DABA}"
EndProject
Project("{2150E333-8FDC-42A3-9474-1A3956D46DE8}") = "Solution Items", "Solution Items", "{40470AB0-D14B-4F23-A2B6-B452814CE7EA}"
	ProjectSection(SolutionItems) = preProject
		LatestVersion.txt = LatestVersion.txt
	EndProjectSection
EndProject
Global
	GlobalSection(SolutionConfigurationPlatforms) = preSolution
		Debug|Any CPU = Debug|Any CPU
		Release|Any CPU = Release|Any CPU
	EndGlobalSection
	GlobalSection(ProjectConfigurationPlatforms) = postSolution
		{BF16A181-E8F2-4CA0-B7A2-9B479E68DABA}.Debug|Any CPU.ActiveCfg = Debug|Any CPU
		{BF16A181-E8F2-4CA0-B7A2-9B479E68DABA}.Debug|Any CPU.Build.0 = Debug|Any CPU
		{BF16A181-E8F2-4CA0-B7A2-9B479E68DABA}.Release|Any CPU.ActiveCfg = Release|Any CPU
		{BF16A181-E8F2-4CA0-B7A2-9B479E68DABA}.Release|Any CPU.Build.0 = Release|Any CPU
	EndGlobalSection
	GlobalSection(SolutionProperties) = preSolution
		HideSolutionNode = FALSE
	EndGlobalSection
EndGlobal
